{
    "_meta": {
        "hash": {
            "sha256": "16a9cb2ecfe78eac73d4241fea6c572975dc4378296ee34fd15824f1db7c67e1"
        },
        "pipfile-spec": 6,
        "requires": {
            "python_version": "3.8"
        },
        "sources": [
            {
                "name": "pypi",
                "url": "https://pypi.org/simple",
                "verify_ssl": true
            }
        ]
    },
    "default": {
        "torch": {
            "file": "https://download.pytorch.org/whl/cpu/torch-1.10.0%2Bcpu-cp38-cp38-linux_x86_64.whl",
            "hashes": [
                "sha256:4c4e1cd4cf4dceff2797f9fc167fe5da31682b4fa09fec1002d89114965bf680"
            ],
            "index": "pypi",
            "version": "==1.10.0+cpu"
        },
        "typing-extensions": {
            "hashes": [
                "sha256:4ca091dea149f945ec56afb48dae714f21e8692ef22a395223bcd328961b6a0e",
                "sha256:7f001e5ac290a0c0401508864c7ec868be4e701886d5b573a9528ed3973d9d3b"
            ],
            "markers": "python_version >= '3.6'",
            "version": "==4.0.1"
        }
    },
    "develop": {}
}
